
Microsoft Visual Studio Solution File, Format Version 12.00
# Visual Studio 2013
VisualStudioVersion = 12.0.30110.0
MinimumVisualStudioVersion = 10.0.40219.1
Project("{8BC9CEB8-8B4A-11D0-8D11-00A0C91BC942}") = "CibbonUI", "CibbonUI\CibbonUI.vcxproj", "{FEB89B22-6AA3-498E-B03A-96E35FA77E45}"
EndProject
Global
	GlobalSection(SolutionConfigurationPlatforms) = preSolution
		Debug|Win32 = Debug|Win32
		Release|Win32 = Release|Win32
	EndGlobalSection
	GlobalSection(ProjectConfigurationPlatforms) = postSolution
		{FEB89B22-6AA3-498E-B03A-96E35FA77E45}.Debug|Win32.ActiveCfg = Debug|Win32
		{FEB89B22-6AA3-498E-B03A-96E35FA77E45}.Debug|Win32.Build.0 = Debug|Win32
		{FEB89B22-6AA3-498E-B03A-96E35FA77E45}.Release|Win32.ActiveCfg = Release|Win32
		{FEB89B22-6AA3-498E-B03A-96E35FA77E45}.Release|Win32.Build.0 = Release|Win32
	EndGlobalSection
	GlobalSection(SolutionProperties) = preSolution
		HideSolutionNode = FALSE
	EndGlobalSection
EndGlobal
