
Microsoft Visual Studio Solution File, Format Version 12.00
# Visual Studio 2013
VisualStudioVersion = 12.0.30110.0
MinimumVisualStudioVersion = 10.0.40219.1
Project("{8BC9CEB8-8B4A-11D0-8D11-00A0C91BC942}") = "CibbonUI", "CibbonUI\CibbonUI.vcxproj", "{E96F9AA7-2EF0-45A6-98E7-05D517A769FE}"
EndProject
Project("{2150E333-8FDC-42A3-9474-1A3956D46DE8}") = "Demos", "Demos", "{FD02ECF6-C776-4ABF-8ED7-06DE810616A3}"
EndProject
Project("{8BC9CEB8-8B4A-11D0-8D11-00A0C91BC942}") = "ButtonDemo", "ButtonDemo\ButtonDemo.vcxproj", "{47D2D119-6CB3-4289-9FD9-1D81BE64CFC7}"
EndProject
Project("{8BC9CEB8-8B4A-11D0-8D11-00A0C91BC942}") = "ScrollBarDemo", "ScrollBarDemo\ScrollBarDemo.vcxproj", "{58411EB9-B642-47EE-875D-055A936F2FA2}"
EndProject
Global
	GlobalSection(SolutionConfigurationPlatforms) = preSolution
		Debug|Win32 = Debug|Win32
		Release|Win32 = Release|Win32
	EndGlobalSection
	GlobalSection(ProjectConfigurationPlatforms) = postSolution
		{E96F9AA7-2EF0-45A6-98E7-05D517A769FE}.Debug|Win32.ActiveCfg = Debug|Win32
		{E96F9AA7-2EF0-45A6-98E7-05D517A769FE}.Debug|Win32.Build.0 = Debug|Win32
		{E96F9AA7-2EF0-45A6-98E7-05D517A769FE}.Release|Win32.ActiveCfg = Release|Win32
		{E96F9AA7-2EF0-45A6-98E7-05D517A769FE}.Release|Win32.Build.0 = Release|Win32
		{47D2D119-6CB3-4289-9FD9-1D81BE64CFC7}.Debug|Win32.ActiveCfg = Debug|Win32
		{47D2D119-6CB3-4289-9FD9-1D81BE64CFC7}.Debug|Win32.Build.0 = Debug|Win32
		{47D2D119-6CB3-4289-9FD9-1D81BE64CFC7}.Release|Win32.ActiveCfg = Release|Win32
		{47D2D119-6CB3-4289-9FD9-1D81BE64CFC7}.Release|Win32.Build.0 = Release|Win32
		{58411EB9-B642-47EE-875D-055A936F2FA2}.Debug|Win32.ActiveCfg = Debug|Win32
		{58411EB9-B642-47EE-875D-055A936F2FA2}.Debug|Win32.Build.0 = Debug|Win32
		{58411EB9-B642-47EE-875D-055A936F2FA2}.Release|Win32.ActiveCfg = Release|Win32
		{58411EB9-B642-47EE-875D-055A936F2FA2}.Release|Win32.Build.0 = Release|Win32
	EndGlobalSection
	GlobalSection(SolutionProperties) = preSolution
		HideSolutionNode = FALSE
	EndGlobalSection
	GlobalSection(NestedProjects) = preSolution
		{47D2D119-6CB3-4289-9FD9-1D81BE64CFC7} = {FD02ECF6-C776-4ABF-8ED7-06DE810616A3}
		{58411EB9-B642-47EE-875D-055A936F2FA2} = {FD02ECF6-C776-4ABF-8ED7-06DE810616A3}
	EndGlobalSection
EndGlobal
